
Microsoft Visual Studio Solution File, Format Version 12.00
# Visual Studio Version 17
VisualStudioVersion = 17.7.34221.43
MinimumVisualStudioVersion = 10.0.40219.1
Project("{8BC9CEB8-8B4A-11D0-8D11-00A0C91BC942}") = "Test_Module", "Test_Module\Test_Module.vcxproj", "{49DF6F58-1E5E-40BE-A6CE-25779EDCD59C}"
EndProject
Project("{8BC9CEB8-8B4A-11D0-8D11-00A0C91BC942}") = "CARTE E.S", "CARTE E.S\CARTE E.S.vcxproj", "{E7EE7D91-56C0-4839-84D8-9ECBBBD0ECC7}"
EndProject
Global
	GlobalSection(SolutionConfigurationPlatforms) = preSolution
		Debug|x64 = Debug|x64
		Debug|x86 = Debug|x86
		Release|x64 = Release|x64
		Release|x86 = Release|x86
	EndGlobalSection
	GlobalSection(ProjectConfigurationPlatforms) = postSolution
		{49DF6F58-1E5E-40BE-A6CE-25779EDCD59C}.Debug|x64.ActiveCfg = Debug|x64
		{49DF6F58-1E5E-40BE-A6CE-25779EDCD59C}.Debug|x64.Build.0 = Debug|x64
		{49DF6F58-1E5E-40BE-A6CE-25779EDCD59C}.Debug|x86.ActiveCfg = Debug|Win32
		{49DF6F58-1E5E-40BE-A6CE-25779EDCD59C}.Debug|x86.Build.0 = Debug|Win32
		{49DF6F58-1E5E-40BE-A6CE-25779EDCD59C}.Release|x64.ActiveCfg = Release|x64
		{49DF6F58-1E5E-40BE-A6CE-25779EDCD59C}.Release|x64.Build.0 = Release|x64
		{49DF6F58-1E5E-40BE-A6CE-25779EDCD59C}.Release|x86.ActiveCfg = Release|Win32
		{49DF6F58-1E5E-40BE-A6CE-25779EDCD59C}.Release|x86.Build.0 = Release|Win32
		{E7EE7D91-56C0-4839-84D8-9ECBBBD0ECC7}.Debug|x64.ActiveCfg = Debug|x64
		{E7EE7D91-56C0-4839-84D8-9ECBBBD0ECC7}.Debug|x64.Build.0 = Debug|x64
		{E7EE7D91-56C0-4839-84D8-9ECBBBD0ECC7}.Debug|x86.ActiveCfg = Debug|Win32
		{E7EE7D91-56C0-4839-84D8-9ECBBBD0ECC7}.Debug|x86.Build.0 = Debug|Win32
		{E7EE7D91-56C0-4839-84D8-9ECBBBD0ECC7}.Release|x64.ActiveCfg = Release|x64
		{E7EE7D91-56C0-4839-84D8-9ECBBBD0ECC7}.Release|x64.Build.0 = Release|x64
		{E7EE7D91-56C0-4839-84D8-9ECBBBD0ECC7}.Release|x86.ActiveCfg = Release|Win32
		{E7EE7D91-56C0-4839-84D8-9ECBBBD0ECC7}.Release|x86.Build.0 = Release|Win32
	EndGlobalSection
	GlobalSection(SolutionProperties) = preSolution
		HideSolutionNode = FALSE
	EndGlobalSection
	GlobalSection(ExtensibilityGlobals) = postSolution
		SolutionGuid = {B7A9E3AD-FDA9-4FD0-A1D3-976D05BB810A}
	EndGlobalSection
EndGlobal
